
Microsoft Visual Studio Solution File, Format Version 12.00
# Visual Studio Version 16
VisualStudioVersion = 16.0.31729.503
MinimumVisualStudioVersion = 10.0.40219.1
Project("{FAE04EC0-301F-11D3-BF4B-00C04F79EFBC}") = "PO-WebApp", "PO-WebApp\PO-WebApp.csproj", "{75C9372D-1603-48D3-9357-4C0160FFD58B}"
EndProject
Global
	GlobalSection(SolutionConfigurationPlatforms) = preSolution
		Debug|Any CPU = Debug|Any CPU
		Release|Any CPU = Release|Any CPU
	EndGlobalSection
	GlobalSection(ProjectConfigurationPlatforms) = postSolution
		{75C9372D-1603-48D3-9357-4C0160FFD58B}.Debug|Any CPU.ActiveCfg = Debug|Any CPU
		{75C9372D-1603-48D3-9357-4C0160FFD58B}.Debug|Any CPU.Build.0 = Debug|Any CPU
		{75C9372D-1603-48D3-9357-4C0160FFD58B}.Release|Any CPU.ActiveCfg = Release|Any CPU
		{75C9372D-1603-48D3-9357-4C0160FFD58B}.Release|Any CPU.Build.0 = Release|Any CPU
	EndGlobalSection
	GlobalSection(SolutionProperties) = preSolution
		HideSolutionNode = FALSE
	EndGlobalSection
	GlobalSection(ExtensibilityGlobals) = postSolution
		SolutionGuid = {F41EC1C2-6111-446B-B70E-06F2E09DF844}
	EndGlobalSection
EndGlobal
